NeoBundleLock Solarized 736ad791ed23ef0fe6bb52e82039e1435ca9f30c
NeoBundleLock Zenburn 33e67af2418e4775c2a7abc6e8fef401e697e1eb
NeoBundleLock badwolf e6fdf1844ac7fe9f479f93846081f9294eb992c0
NeoBundleLock base16-vim e711e9b1412b55fec7e8a5cff4ac5c06f9078729
NeoBundleLock ctrlp.vim b5d3fe66a58a13d2ff8b6391f4387608496a030f
NeoBundleLock gruvbox 705e68d90d6596c621093a28bf480a572a41ad02
NeoBundleLock jellybeans.vim f931895c20681684278aef2ffd810730b9c36ec3
NeoBundleLock neobundle.vim 02bd438c42748980d21f6a01860f383e9cc62335
NeoBundleLock nerdtree af85499edace2acca27ce41790ac333f62b689bb
NeoBundleLock nerdtree-git-plugin d817e57d9ac01f2761ed12d6fe444905d9b2dcf0
NeoBundleLock vim-airline b29e01fa22ee8b8eb02cf505382a90b045b4bc64
NeoBundleLock vim-dispatch 374a3c2ea68acd528a90a8e838af99b6ab201b0f
NeoBundleLock vim-fugitive e065e4f841f4a033ac9a6156573a446007617b1d
NeoBundleLock vim-gitgutter 339f8ba079ed7d465ca442c9032b36bc56c21f61
NeoBundleLock vim-hybrid 7d530218dbcc5b5a9d473bcd2dbd2a85e7be99fd
NeoBundleLock vim-interestingwords b266c43a06c1bd55d0f642a90475640ae2c1eb15
NeoBundleLock vim-monokai 3103dcb2470d26a78512aacf2062bdba50e5dc3a
NeoBundleLock vim-pandoc d83ab9616da3336db9dd602532f9faf2b651fbbe
NeoBundleLock vim-pandoc-syntax d0da54a13a9a4ad6fd64365c1a9132e36771b01c
NeoBundleLock vim-surround 772ab9587b7d1e2c3bae75395c9123803059ba8a
NeoBundleLock vim-unimpaired 503443231efb2f92558937befd4f3f2bb44b8e7c
